
Microsoft Visual Studio Solution File, Format Version 12.00
# Visual Studio Version 17
VisualStudioVersion = 17.14.36414.22 d17.14
MinimumVisualStudioVersion = 10.0.40219.1
Project("{FAE04EC0-301F-11D3-BF4B-00C04F79EFBC}") = "t10", "t10\t10.csproj", "{6CBD402E-43BE-4BF4-B52B-BDC0187E8D69}"
EndProject
Global
	GlobalSection(SolutionConfigurationPlatforms) = preSolution
		Debug|Any CPU = Debug|Any CPU
		Release|Any CPU = Release|Any CPU
	EndGlobalSection
	GlobalSection(ProjectConfigurationPlatforms) = postSolution
		{6CBD402E-43BE-4BF4-B52B-BDC0187E8D69}.Debug|Any CPU.ActiveCfg = Debug|Any CPU
		{6CBD402E-43BE-4BF4-B52B-BDC0187E8D69}.Debug|Any CPU.Build.0 = Debug|Any CPU
		{6CBD402E-43BE-4BF4-B52B-BDC0187E8D69}.Release|Any CPU.ActiveCfg = Release|Any CPU
		{6CBD402E-43BE-4BF4-B52B-BDC0187E8D69}.Release|Any CPU.Build.0 = Release|Any CPU
	EndGlobalSection
	GlobalSection(SolutionProperties) = preSolution
		HideSolutionNode = FALSE
	EndGlobalSection
	GlobalSection(ExtensibilityGlobals) = postSolution
		SolutionGuid = {27C32D9F-895C-432F-AF9F-91C22327F94B}
	EndGlobalSection
EndGlobal
